
Microsoft Visual Studio Solution File, Format Version 12.00
# 
Project("{F2A71F9B-5D33-465A-A702-920D77279786}") = "PrismFs", "PrismFs\PrismFs.fsproj", "{F7EF6DFB-601B-4BDD-9711-CD91DF4D39C9}"
EndProject
Project("{FAE04EC0-301F-11D3-BF4B-00C04F79EFBC}") = "PrismCs", "PrismCs\PrismCs.csproj", "{7940B6E1-DAF9-4640-8F85-71B67D827BD2}"
EndProject
Global
	GlobalSection(SolutionConfigurationPlatforms) = preSolution
		Debug|Any CPU = Debug|Any CPU
		Release|Any CPU = Release|Any CPU
	EndGlobalSection
	GlobalSection(ProjectConfigurationPlatforms) = postSolution
		{F7EF6DFB-601B-4BDD-9711-CD91DF4D39C9}.Debug|Any CPU.ActiveCfg = Debug|Any CPU
		{F7EF6DFB-601B-4BDD-9711-CD91DF4D39C9}.Debug|Any CPU.Build.0 = Debug|Any CPU
		{F7EF6DFB-601B-4BDD-9711-CD91DF4D39C9}.Release|Any CPU.ActiveCfg = Release|Any CPU
		{F7EF6DFB-601B-4BDD-9711-CD91DF4D39C9}.Release|Any CPU.Build.0 = Release|Any CPU
		{7940B6E1-DAF9-4640-8F85-71B67D827BD2}.Debug|Any CPU.ActiveCfg = Debug|Any CPU
		{7940B6E1-DAF9-4640-8F85-71B67D827BD2}.Debug|Any CPU.Build.0 = Debug|Any CPU
		{7940B6E1-DAF9-4640-8F85-71B67D827BD2}.Release|Any CPU.ActiveCfg = Release|Any CPU
		{7940B6E1-DAF9-4640-8F85-71B67D827BD2}.Release|Any CPU.Build.0 = Release|Any CPU
	EndGlobalSection
EndGlobal
